{
  "version": 4,
  "terraform_version": "1.5.4",
  "serial": 198,
  "lineage": "eff79b93-29e6-1401-a5d6-5ebe799c3fac",
  "outputs": {},
  "resources": [
    {
      "module": "module.clusters",
      "mode": "data",
      "type": "aws_subnet",
      "name": "subnet-0",
      "provider": "provider[\"registry.terraform.io/hashicorp/aws\"]",
      "instances": [
        {
          "schema_version": 0,
          "attributes": {
            "arn": "arn:aws:ec2:us-east-1:766012286003:subnet/subnet-0135400effb0bcb8d",
            "assign_ipv6_address_on_creation": false,
            "availability_zone": "us-east-1b",
            "availability_zone_id": "use1-az6",
            "available_ip_address_count": 251,
            "cidr_block": "10.0.1.0/24",
            "customer_owned_ipv4_pool": "",
            "default_for_az": false,
            "enable_dns64": false,
            "enable_lni_at_device_index": 0,
            "enable_resource_name_dns_a_record_on_launch": false,
            "enable_resource_name_dns_aaaa_record_on_launch": false,
            "filter": null,
            "id": "subnet-0135400effb0bcb8d",
            "ipv6_cidr_block": "",
            "ipv6_cidr_block_association_id": "",
            "ipv6_native": false,
            "map_customer_owned_ip_on_launch": false,
            "map_public_ip_on_launch": false,
            "outpost_arn": "",
            "owner_id": "766012286003",
            "private_dns_hostname_type_on_launch": "ip-name",
            "state": "available",
            "tags": {
              "Name": "Subnet-2"
            },
            "timeouts": null,
            "vpc_id": "vpc-033bd47dd561cfde2"
          },
          "sensitive_attributes": []
        }
      ]
    },
    {
      "module": "module.environment",
      "mode": "data",
      "type": "aws_caller_identity",
      "name": "current",
      "provider": "module.environment.provider[\"registry.terraform.io/hashicorp/aws\"]",
      "instances": [
        {
          "schema_version": 0,
          "attributes": {
            "account_id": "766012286003",
            "arn": "arn:aws:iam::766012286003:user/eugene.temlock@dataintellect.com",
            "id": "766012286003",
            "user_id": "AIDA3EWPD4QZUBKN66Y75"
          },
          "sensitive_attributes": []
        }
      ]
    },
    {
      "module": "module.environment",
      "mode": "data",
      "type": "aws_iam_policy_document",
      "name": "iam-policy",
      "provider": "module.environment.provider[\"registry.terraform.io/hashicorp/aws\"]",
      "instances": [
        {
          "schema_version": 0,
          "attributes": {
            "id": "3660109118",
            "json": "{\n  \"Version\": \"2012-10-17\",\n  \"Statement\": [\n    {\n      \"Effect\": \"Allow\",\n      \"Action\": \"finspace:ConnectKxCluster\",\n      \"Resource\": \"arn:aws:finspace:us-east-1:766012286003:kxEnvironment/ytcy24hpfrehp22hder66x/kxCluster/*\"\n    },\n    {\n      \"Effect\": \"Allow\",\n      \"Action\": \"finspace:GetKxConnectionString\",\n      \"Resource\": \"arn:aws:finspace:us-east-1:766012286003:kxEnvironment/ytcy24hpfrehp22hder66x/kxCluster/*\"\n    }\n  ]\n}",
            "override_policy_documents": null,
            "policy_id": null,
            "source_policy_documents": null,
            "statement": [
              {
                "actions": [
                  "finspace:ConnectKxCluster"
                ],
                "condition": [],
                "effect": "Allow",
                "not_actions": [],
                "not_principals": [],
                "not_resources": [],
                "principals": [],
                "resources": [
                  "arn:aws:finspace:us-east-1:766012286003:kxEnvironment/ytcy24hpfrehp22hder66x/kxCluster/*"
                ],
                "sid": ""
              },
              {
                "actions": [
                  "finspace:GetKxConnectionString"
                ],
                "condition": [],
                "effect": "Allow",
                "not_actions": [],
                "not_principals": [],
                "not_resources": [],
                "principals": [],
                "resources": [
                  "arn:aws:finspace:us-east-1:766012286003:kxEnvironment/ytcy24hpfrehp22hder66x/kxCluster/*"
                ],
                "sid": ""
              }
            ],
            "version": "2012-10-17"
          },
          "sensitive_attributes": []
        }
      ]
    },
    {
      "module": "module.environment",
      "mode": "data",
      "type": "aws_iam_policy_document",
      "name": "s3-code-policy",
      "provider": "module.environment.provider[\"registry.terraform.io/hashicorp/aws\"]",
      "instances": [
        {
          "schema_version": 0,
          "attributes": {
            "id": "2532830736",
            "json": "{\n  \"Version\": \"2012-10-17\",\n  \"Statement\": [\n    {\n      \"Effect\": \"Allow\",\n      \"Action\": [\n        \"s3:GetObjectVersionTagging\",\n        \"s3:GetObjectVersion\",\n        \"s3:GetObjectTagging\",\n        \"s3:GetObject\"\n      ],\n      \"Resource\": \"arn:aws:s3:::finspace-code-bucket-virginia/*\",\n      \"Principal\": {\n        \"Service\": \"finspace.amazonaws.com\"\n      },\n      \"Condition\": {\n        \"StringEquals\": {\n          \"aws:SourceAccount\": \"766012286003\"\n        }\n      }\n    },\n    {\n      \"Effect\": \"Allow\",\n      \"Action\": [\n        \"s3:ListBucketVersions\",\n        \"s3:ListBucket\",\n        \"s3:GetBucketVersioning\"\n      ],\n      \"Resource\": \"arn:aws:s3:::finspace-code-bucket-virginia\",\n      \"Principal\": {\n        \"Service\": \"finspace.amazonaws.com\"\n      },\n      \"Condition\": {\n        \"StringEquals\": {\n          \"aws:SourceAccount\": \"766012286003\"\n        }\n      }\n    }\n  ]\n}",
            "override_policy_documents": null,
            "policy_id": null,
            "source_policy_documents": null,
            "statement": [
              {
                "actions": [
                  "s3:GetObject",
                  "s3:GetObjectTagging",
                  "s3:GetObjectVersion",
                  "s3:GetObjectVersionTagging"
                ],
                "condition": [
                  {
                    "test": "StringEquals",
                    "values": [
                      "766012286003"
                    ],
                    "variable": "aws:SourceAccount"
                  }
                ],
                "effect": "Allow",
                "not_actions": [],
                "not_principals": [],
                "not_resources": [],
                "principals": [
                  {
                    "identifiers": [
                      "finspace.amazonaws.com"
                    ],
                    "type": "Service"
                  }
                ],
                "resources": [
                  "arn:aws:s3:::finspace-code-bucket-virginia/*"
                ],
                "sid": ""
              },
              {
                "actions": [
                  "s3:GetBucketVersioning",
                  "s3:ListBucket",
                  "s3:ListBucketVersions"
                ],
                "condition": [
                  {
                    "test": "StringEquals",
                    "values": [
                      "766012286003"
                    ],
                    "variable": "aws:SourceAccount"
                  }
                ],
                "effect": "Allow",
                "not_actions": [],
                "not_principals": [],
                "not_resources": [],
                "principals": [
                  {
                    "identifiers": [
                      "finspace.amazonaws.com"
                    ],
                    "type": "Service"
                  }
                ],
                "resources": [
                  "arn:aws:s3:::finspace-code-bucket-virginia"
                ],
                "sid": ""
              }
            ],
            "version": "2012-10-17"
          },
          "sensitive_attributes": []
        }
      ]
    },
    {
      "module": "module.environment",
      "mode": "data",
      "type": "aws_iam_policy_document",
      "name": "s3-data-policy",
      "provider": "module.environment.provider[\"registry.terraform.io/hashicorp/aws\"]",
      "instances": [
        {
          "schema_version": 0,
          "attributes": {
            "id": "142666739",
            "json": "{\n  \"Version\": \"2012-10-17\",\n  \"Statement\": [\n    {\n      \"Effect\": \"Allow\",\n      \"Action\": [\n        \"s3:GetObjectTagging\",\n        \"s3:GetObject\"\n      ],\n      \"Resource\": \"arn:aws:s3:::finspace-data-bucket-virginia/*\",\n      \"Principal\": {\n        \"Service\": \"finspace.amazonaws.com\"\n      },\n      \"Condition\": {\n        \"StringEquals\": {\n          \"aws:SourceAccount\": \"766012286003\"\n        }\n      }\n    },\n    {\n      \"Effect\": \"Allow\",\n      \"Action\": \"s3:ListBucket\",\n      \"Resource\": \"arn:aws:s3:::finspace-data-bucket-virginia\",\n      \"Principal\": {\n        \"Service\": \"finspace.amazonaws.com\"\n      },\n      \"Condition\": {\n        \"StringEquals\": {\n          \"aws:SourceAccount\": \"766012286003\"\n        }\n      }\n    }\n  ]\n}",
            "override_policy_documents": null,
            "policy_id": null,
            "source_policy_documents": null,
            "statement": [
              {
                "actions": [
                  "s3:GetObject",
                  "s3:GetObjectTagging"
                ],
                "condition": [
                  {
                    "test": "StringEquals",
                    "values": [
                      "766012286003"
                    ],
                    "variable": "aws:SourceAccount"
                  }
                ],
                "effect": "Allow",
                "not_actions": [],
                "not_principals": [],
                "not_resources": [],
                "principals": [
                  {
                    "identifiers": [
                      "finspace.amazonaws.com"
                    ],
                    "type": "Service"
                  }
                ],
                "resources": [
                  "arn:aws:s3:::finspace-data-bucket-virginia/*"
                ],
                "sid": ""
              },
              {
                "actions": [
                  "s3:ListBucket"
                ],
                "condition": [
                  {
                    "test": "StringEquals",
                    "values": [
                      "766012286003"
                    ],
                    "variable": "aws:SourceAccount"
                  }
                ],
                "effect": "Allow",
                "not_actions": [],
                "not_principals": [],
                "not_resources": [],
                "principals": [
                  {
                    "identifiers": [
                      "finspace.amazonaws.com"
                    ],
                    "type": "Service"
                  }
                ],
                "resources": [
                  "arn:aws:s3:::finspace-data-bucket-virginia"
                ],
                "sid": ""
              }
            ],
            "version": "2012-10-17"
          },
          "sensitive_attributes": []
        }
      ]
    },
    {
      "module": "module.environment",
      "mode": "data",
      "type": "aws_kms_key",
      "name": "finspace-key",
      "provider": "module.environment.provider[\"registry.terraform.io/hashicorp/aws\"]",
      "instances": [
        {
          "schema_version": 0,
          "attributes": {
            "arn": "arn:aws:kms:us-east-1:766012286003:key/1d74c759-80e3-4780-a721-c27f376bf7c9",
            "aws_account_id": "766012286003",
            "cloud_hsm_cluster_id": "",
            "creation_date": "2023-07-05T08:41:21Z",
            "custom_key_store_id": "",
            "customer_master_key_spec": "SYMMETRIC_DEFAULT",
            "deletion_date": null,
            "description": "",
            "enabled": true,
            "expiration_model": "",
            "grant_tokens": null,
            "id": "1d74c759-80e3-4780-a721-c27f376bf7c9",
            "key_id": "1d74c759-80e3-4780-a721-c27f376bf7c9",
            "key_manager": "CUSTOMER",
            "key_spec": "SYMMETRIC_DEFAULT",
            "key_state": "Enabled",
            "key_usage": "ENCRYPT_DECRYPT",
            "multi_region": false,
            "multi_region_configuration": [],
            "origin": "AWS_KMS",
            "pending_deletion_window_in_days": 0,
            "valid_to": null,
            "xks_key_configuration": []
          },
          "sensitive_attributes": []
        }
      ]
    },
    {
      "module": "module.environment",
      "mode": "managed",
      "type": "aws_cloudwatch_metric_alarm",
      "name": "RDBOverCPUUtilization",
      "provider": "module.environment.provider[\"registry.terraform.io/hashicorp/aws\"]",
      "instances": [
        {
          "schema_version": 1,
          "attributes": {
            "actions_enabled": true,
            "alarm_actions": [],
            "alarm_description": "This alarm should be raised if rdb is over a certain threshold",
            "alarm_name": "terraform-rdb-cpu-test-1",
            "arn": "arn:aws:cloudwatch:us-east-1:766012286003:alarm:terraform-rdb-cpu-test-1",
            "comparison_operator": "GreaterThanOrEqualToThreshold",
            "datapoints_to_alarm": 1,
            "dimensions": {
              "KxClusterId": "rdb"
            },
            "evaluate_low_sample_count_percentiles": "",
            "evaluation_periods": 1,
            "extended_statistic": "",
            "id": "terraform-rdb-cpu-test-1",
            "insufficient_data_actions": [],
            "metric_name": "CPUUtilization",
            "metric_query": [],
            "namespace": "AWS/FinSpace",
            "ok_actions": [],
            "period": 60,
            "statistic": "Maximum",
            "tags": {},
            "tags_all": {},
            "threshold": 10,
            "threshold_metric_id": "",
            "treat_missing_data": "missing",
            "unit": ""
          },
          "sensitive_attributes": [],
          "private": "eyJzY2hlbWFfdmVyc2lvbiI6IjEifQ=="
        }
      ]
    },
    {
      "module": "module.environment",
      "mode": "managed",
      "type": "aws_ec2_transit_gateway",
      "name": "test",
      "provider": "module.environment.provider[\"registry.terraform.io/hashicorp/aws\"]",
      "instances": [
        {
          "schema_version": 0,
          "attributes": {
            "amazon_side_asn": 64512,
            "arn": "arn:aws:ec2:us-east-1:766012286003:transit-gateway/tgw-04a13c02b010a91f7",
            "association_default_route_table_id": "tgw-rtb-060cea92503f1ee5f",
            "auto_accept_shared_attachments": "disable",
            "default_route_table_association": "enable",
            "default_route_table_propagation": "enable",
            "description": "test",
            "dns_support": "enable",
            "id": "tgw-04a13c02b010a91f7",
            "multicast_support": "disable",
            "owner_id": "766012286003",
            "propagation_default_route_table_id": "tgw-rtb-060cea92503f1ee5f",
            "tags": {},
            "tags_all": {},
            "timeouts": null,
            "transit_gateway_cidr_blocks": [],
            "vpn_ecmp_support": "enable"
          },
          "sensitive_attributes": [],
          "private": "eyJlMmJmYjczMC1lY2FhLTExZTYtOGY4OC0zNDM2M2JjN2M0YzAiOnsiY3JlYXRlIjo2MDAwMDAwMDAwMDAsImRlbGV0ZSI6NjAwMDAwMDAwMDAwLCJ1cGRhdGUiOjYwMDAwMDAwMDAwMH19"
        }
      ]
    },
    {
      "module": "module.environment",
      "mode": "managed",
      "type": "aws_finspace_kx_database",
      "name": "database",
      "provider": "module.environment.provider[\"registry.terraform.io/hashicorp/aws\"]",
      "instances": [
        {
          "schema_version": 0,
          "attributes": {
            "arn": "arn:aws:finspace:us-east-1:766012286003:kxEnvironment/ytcy24hpfrehp22hder66x/kxDatabase/finspace-database3",
            "created_timestamp": "2023-10-18 16:40:30.835 +0000 UTC",
            "description": "",
            "environment_id": "ytcy24hpfrehp22hder66x",
            "id": "ytcy24hpfrehp22hder66x,finspace-database3",
            "last_modified_timestamp": "2023-10-18 16:41:59.986 +0000 UTC",
            "name": "finspace-database3",
            "tags": {},
            "tags_all": {},
            "timeouts": null
          },
          "sensitive_attributes": [],
          "private": "eyJlMmJmYjczMC1lY2FhLTExZTYtOGY4OC0zNDM2M2JjN2M0YzAiOnsiY3JlYXRlIjoxODAwMDAwMDAwMDAwLCJkZWxldGUiOjE4MDAwMDAwMDAwMDAsInVwZGF0ZSI6MTgwMDAwMDAwMDAwMH19",
          "dependencies": [
            "module.environment.aws_ec2_transit_gateway.test",
            "module.environment.aws_finspace_kx_environment.environment",
            "module.environment.data.aws_kms_key.finspace-key"
          ]
        }
      ]
    },
    {
      "module": "module.environment",
      "mode": "managed",
      "type": "aws_finspace_kx_environment",
      "name": "environment",
      "provider": "module.environment.provider[\"registry.terraform.io/hashicorp/aws\"]",
      "instances": [
        {
          "schema_version": 0,
          "attributes": {
            "arn": "arn:aws:finspace:us-east-1:766012286003:kxEnvironment/ytcy24hpfrehp22hder66x",
            "availability_zones": [
              "use1-az1",
              "use1-az2",
              "use1-az6"
            ],
            "created_timestamp": "2023-10-10 18:38:12.12 +0000 UTC",
            "custom_dns_configuration": [],
            "description": "",
            "id": "ytcy24hpfrehp22hder66x",
            "infrastructure_account_id": "032596118127",
            "kms_key_id": "arn:aws:kms:us-east-1:766012286003:key/1d74c759-80e3-4780-a721-c27f376bf7c9",
            "last_modified_timestamp": "2023-10-10 18:51:50.5 +0000 UTC",
            "name": "virginia-env-test2",
            "status": "CREATED",
            "tags": {},
            "tags_all": {},
            "timeouts": null,
            "transit_gateway_configuration": [
              {
                "attachment_network_acl_configuration": [],
                "routable_cidr_space": "100.64.0.0/26",
                "transit_gateway_id": "tgw-04a13c02b010a91f7"
              }
            ]
          },
          "sensitive_attributes": [],
          "private": "eyJlMmJmYjczMC1lY2FhLTExZTYtOGY4OC0zNDM2M2JjN2M0YzAiOnsiY3JlYXRlIjoxODAwMDAwMDAwMDAwLCJkZWxldGUiOjI3MDAwMDAwMDAwMDAsInVwZGF0ZSI6MTgwMDAwMDAwMDAwMH19",
          "dependencies": [
            "module.environment.aws_ec2_transit_gateway.test",
            "module.environment.data.aws_kms_key.finspace-key"
          ]
        }
      ]
    },
    {
      "module": "module.environment",
      "mode": "managed",
      "type": "aws_finspace_kx_user",
      "name": "finspace-user",
      "provider": "module.environment.provider[\"registry.terraform.io/hashicorp/aws\"]",
      "instances": [
        {
          "schema_version": 0,
          "attributes": {
            "arn": "arn:aws:finspace:us-east-1:766012286003:kxEnvironment/ytcy24hpfrehp22hder66x/kxUser/finspace-user-virginia",
            "environment_id": "ytcy24hpfrehp22hder66x",
            "iam_role": "arn:aws:iam::766012286003:role/finspace-role-virginia",
            "id": "ytcy24hpfrehp22hder66x,finspace-user-virginia",
            "name": "finspace-user-virginia",
            "tags": {},
            "tags_all": {},
            "timeouts": null
          },
          "sensitive_attributes": [],
          "private": "eyJlMmJmYjczMC1lY2FhLTExZTYtOGY4OC0zNDM2M2JjN2M0YzAiOnsiY3JlYXRlIjoxODAwMDAwMDAwMDAwLCJkZWxldGUiOjE4MDAwMDAwMDAwMDAsInVwZGF0ZSI6MTgwMDAwMDAwMDAwMH19",
          "dependencies": [
            "module.environment.aws_ec2_transit_gateway.test",
            "module.environment.aws_finspace_kx_environment.environment",
            "module.environment.aws_iam_role.finspace-test-role",
            "module.environment.data.aws_caller_identity.current",
            "module.environment.data.aws_kms_key.finspace-key"
          ]
        }
      ]
    },
    {
      "module": "module.environment",
      "mode": "managed",
      "type": "aws_iam_policy",
      "name": "finspace-policy",
      "provider": "module.environment.provider[\"registry.terraform.io/hashicorp/aws\"]",
      "instances": [
        {
          "schema_version": 0,
          "attributes": {
            "arn": "arn:aws:iam::766012286003:policy/finspace-policy-virginia",
            "description": "",
            "id": "arn:aws:iam::766012286003:policy/finspace-policy-virginia",
            "name": "finspace-policy-virginia",
            "name_prefix": "",
            "path": "/",
            "policy": "{\"Statement\":[{\"Action\":\"finspace:ConnectKxCluster\",\"Effect\":\"Allow\",\"Resource\":\"arn:aws:finspace:us-east-1:766012286003:kxEnvironment/ytcy24hpfrehp22hder66x/kxCluster/*\"},{\"Action\":\"finspace:GetKxConnectionString\",\"Effect\":\"Allow\",\"Resource\":\"arn:aws:finspace:us-east-1:766012286003:kxEnvironment/ytcy24hpfrehp22hder66x/kxCluster/*\"}],\"Version\":\"2012-10-17\"}",
            "policy_id": "ANPA3EWPD4QZ6VPDUSXBO",
            "tags": {},
            "tags_all": {}
          },
          "sensitive_attributes": [],
          "private": "bnVsbA==",
          "dependencies": [
            "module.environment.aws_ec2_transit_gateway.test",
            "module.environment.aws_finspace_kx_environment.environment",
            "module.environment.data.aws_iam_policy_document.iam-policy",
            "module.environment.data.aws_kms_key.finspace-key"
          ]
        }
      ]
    },
    {
      "module": "module.environment",
      "mode": "managed",
      "type": "aws_iam_role",
      "name": "finspace-test-role",
      "provider": "module.environment.provider[\"registry.terraform.io/hashicorp/aws\"]",
      "instances": [
        {
          "schema_version": 0,
          "attributes": {
            "arn": "arn:aws:iam::766012286003:role/finspace-role-virginia",
            "assume_role_policy": "{\"Statement\":[{\"Action\":\"sts:AssumeRole\",\"Effect\":\"Allow\",\"Principal\":{\"AWS\":\"arn:aws:iam::766012286003:root\",\"Service\":\"finspace.amazonaws.com\"}}],\"Version\":\"2012-10-17\"}",
            "create_date": "2023-10-10T18:38:11Z",
            "description": "",
            "force_detach_policies": false,
            "id": "finspace-role-virginia",
            "inline_policy": [],
            "managed_policy_arns": [
              "arn:aws:iam::766012286003:policy/finspace-policy-virginia"
            ],
            "max_session_duration": 3600,
            "name": "finspace-role-virginia",
            "name_prefix": "",
            "path": "/",
            "permissions_boundary": null,
            "tags": {},
            "tags_all": {},
            "unique_id": "AROA3EWPD4QZXDQKJYR26"
          },
          "sensitive_attributes": [],
          "private": "bnVsbA==",
          "dependencies": [
            "module.environment.data.aws_caller_identity.current"
          ]
        }
      ]
    },
    {
      "module": "module.environment",
      "mode": "managed",
      "type": "aws_iam_role_policy_attachment",
      "name": "policy_attachment",
      "provider": "module.environment.provider[\"registry.terraform.io/hashicorp/aws\"]",
      "instances": [
        {
          "schema_version": 0,
          "attributes": {
            "id": "finspace-role-virginia-20231010185202707600000005",
            "policy_arn": "arn:aws:iam::766012286003:policy/finspace-policy-virginia",
            "role": "finspace-role-virginia"
          },
          "sensitive_attributes": [],
          "private": "bnVsbA==",
          "dependencies": [
            "module.environment.aws_ec2_transit_gateway.test",
            "module.environment.aws_finspace_kx_environment.environment",
            "module.environment.aws_iam_policy.finspace-policy",
            "module.environment.aws_iam_role.finspace-test-role",
            "module.environment.data.aws_caller_identity.current",
            "module.environment.data.aws_iam_policy_document.iam-policy",
            "module.environment.data.aws_kms_key.finspace-key"
          ]
        }
      ]
    },
    {
      "module": "module.environment",
      "mode": "managed",
      "type": "aws_s3_bucket",
      "name": "finspace-code-bucket",
      "provider": "module.environment.provider[\"registry.terraform.io/hashicorp/aws\"]",
      "instances": [
        {
          "schema_version": 0,
          "attributes": {
            "acceleration_status": "",
            "acl": null,
            "arn": "arn:aws:s3:::finspace-code-bucket-virginia",
            "bucket": "finspace-code-bucket-virginia",
            "bucket_domain_name": "finspace-code-bucket-virginia.s3.amazonaws.com",
            "bucket_prefix": "",
            "bucket_regional_domain_name": "finspace-code-bucket-virginia.s3.us-east-1.amazonaws.com",
            "cors_rule": [],
            "force_destroy": false,
            "grant": [
              {
                "id": "eb25297a7948c404aa60caf4ac4ad4a4317f64cada82c6039ded593bcc388181",
                "permissions": [
                  "FULL_CONTROL"
                ],
                "type": "CanonicalUser",
                "uri": ""
              }
            ],
            "hosted_zone_id": "Z3AQBSTGFYJSTF",
            "id": "finspace-code-bucket-virginia",
            "lifecycle_rule": [],
            "logging": [],
            "object_lock_configuration": [],
            "object_lock_enabled": false,
            "policy": "{\"Statement\":[{\"Action\":[\"s3:GetObjectVersionTagging\",\"s3:GetObjectVersion\",\"s3:GetObjectTagging\",\"s3:GetObject\"],\"Condition\":{\"StringEquals\":{\"aws:SourceAccount\":\"766012286003\"}},\"Effect\":\"Allow\",\"Principal\":{\"Service\":\"finspace.amazonaws.com\"},\"Resource\":\"arn:aws:s3:::finspace-code-bucket-virginia/*\"},{\"Action\":[\"s3:ListBucketVersions\",\"s3:ListBucket\",\"s3:GetBucketVersioning\"],\"Condition\":{\"StringEquals\":{\"aws:SourceAccount\":\"766012286003\"}},\"Effect\":\"Allow\",\"Principal\":{\"Service\":\"finspace.amazonaws.com\"},\"Resource\":\"arn:aws:s3:::finspace-code-bucket-virginia\"}],\"Version\":\"2012-10-17\"}",
            "region": "us-east-1",
            "replication_configuration": [],
            "request_payer": "BucketOwner",
            "server_side_encryption_configuration": [
              {
                "rule": [
                  {
                    "apply_server_side_encryption_by_default": [
                      {
                        "kms_master_key_id": "",
                        "sse_algorithm": "AES256"
                      }
                    ],
                    "bucket_key_enabled": false
                  }
                ]
              }
            ],
            "tags": {},
            "tags_all": {},
            "timeouts": null,
            "versioning": [
              {
                "enabled": true,
                "mfa_delete": false
              }
            ],
            "website": [],
            "website_domain": null,
            "website_endpoint": null
          },
          "sensitive_attributes": [],
          "private": "eyJlMmJmYjczMC1lY2FhLTExZTYtOGY4OC0zNDM2M2JjN2M0YzAiOnsiY3JlYXRlIjoxMjAwMDAwMDAwMDAwLCJkZWxldGUiOjM2MDAwMDAwMDAwMDAsInJlYWQiOjEyMDAwMDAwMDAwMDAsInVwZGF0ZSI6MTIwMDAwMDAwMDAwMH19"
        }
      ]
    },
    {
      "module": "module.environment",
      "mode": "managed",
      "type": "aws_s3_bucket",
      "name": "finspace-data-bucket",
      "provider": "module.environment.provider[\"registry.terraform.io/hashicorp/aws\"]",
      "instances": [
        {
          "schema_version": 0,
          "attributes": {
            "acceleration_status": "",
            "acl": null,
            "arn": "arn:aws:s3:::finspace-data-bucket-virginia",
            "bucket": "finspace-data-bucket-virginia",
            "bucket_domain_name": "finspace-data-bucket-virginia.s3.amazonaws.com",
            "bucket_prefix": "",
            "bucket_regional_domain_name": "finspace-data-bucket-virginia.s3.us-east-1.amazonaws.com",
            "cors_rule": [],
            "force_destroy": false,
            "grant": [
              {
                "id": "eb25297a7948c404aa60caf4ac4ad4a4317f64cada82c6039ded593bcc388181",
                "permissions": [
                  "FULL_CONTROL"
                ],
                "type": "CanonicalUser",
                "uri": ""
              }
            ],
            "hosted_zone_id": "Z3AQBSTGFYJSTF",
            "id": "finspace-data-bucket-virginia",
            "lifecycle_rule": [],
            "logging": [],
            "object_lock_configuration": [],
            "object_lock_enabled": false,
            "policy": "{\"Statement\":[{\"Action\":[\"s3:GetObjectTagging\",\"s3:GetObject\"],\"Condition\":{\"StringEquals\":{\"aws:SourceAccount\":\"766012286003\"}},\"Effect\":\"Allow\",\"Principal\":{\"Service\":\"finspace.amazonaws.com\"},\"Resource\":\"arn:aws:s3:::finspace-data-bucket-virginia/*\"},{\"Action\":\"s3:ListBucket\",\"Condition\":{\"StringEquals\":{\"aws:SourceAccount\":\"766012286003\"}},\"Effect\":\"Allow\",\"Principal\":{\"Service\":\"finspace.amazonaws.com\"},\"Resource\":\"arn:aws:s3:::finspace-data-bucket-virginia\"}],\"Version\":\"2012-10-17\"}",
            "region": "us-east-1",
            "replication_configuration": [],
            "request_payer": "BucketOwner",
            "server_side_encryption_configuration": [
              {
                "rule": [
                  {
                    "apply_server_side_encryption_by_default": [
                      {
                        "kms_master_key_id": "",
                        "sse_algorithm": "AES256"
                      }
                    ],
                    "bucket_key_enabled": false
                  }
                ]
              }
            ],
            "tags": {},
            "tags_all": {},
            "timeouts": null,
            "versioning": [
              {
                "enabled": false,
                "mfa_delete": false
              }
            ],
            "website": [],
            "website_domain": null,
            "website_endpoint": null
          },
          "sensitive_attributes": [],
          "private": "eyJlMmJmYjczMC1lY2FhLTExZTYtOGY4OC0zNDM2M2JjN2M0YzAiOnsiY3JlYXRlIjoxMjAwMDAwMDAwMDAwLCJkZWxldGUiOjM2MDAwMDAwMDAwMDAsInJlYWQiOjEyMDAwMDAwMDAwMDAsInVwZGF0ZSI6MTIwMDAwMDAwMDAwMH19"
        }
      ]
    },
    {
      "module": "module.environment",
      "mode": "managed",
      "type": "aws_s3_bucket_policy",
      "name": "code-policy",
      "provider": "module.environment.provider[\"registry.terraform.io/hashicorp/aws\"]",
      "instances": [
        {
          "schema_version": 0,
          "attributes": {
            "bucket": "finspace-code-bucket-virginia",
            "id": "finspace-code-bucket-virginia",
            "policy": "{\"Statement\":[{\"Action\":[\"s3:GetObjectVersionTagging\",\"s3:GetObjectVersion\",\"s3:GetObjectTagging\",\"s3:GetObject\"],\"Condition\":{\"StringEquals\":{\"aws:SourceAccount\":\"766012286003\"}},\"Effect\":\"Allow\",\"Principal\":{\"Service\":\"finspace.amazonaws.com\"},\"Resource\":\"arn:aws:s3:::finspace-code-bucket-virginia/*\"},{\"Action\":[\"s3:ListBucketVersions\",\"s3:ListBucket\",\"s3:GetBucketVersioning\"],\"Condition\":{\"StringEquals\":{\"aws:SourceAccount\":\"766012286003\"}},\"Effect\":\"Allow\",\"Principal\":{\"Service\":\"finspace.amazonaws.com\"},\"Resource\":\"arn:aws:s3:::finspace-code-bucket-virginia\"}],\"Version\":\"2012-10-17\"}"
          },
          "sensitive_attributes": [],
          "private": "bnVsbA==",
          "dependencies": [
            "module.environment.aws_s3_bucket.finspace-code-bucket",
            "module.environment.data.aws_caller_identity.current",
            "module.environment.data.aws_iam_policy_document.s3-code-policy"
          ]
        }
      ]
    },
    {
      "module": "module.environment",
      "mode": "managed",
      "type": "aws_s3_bucket_policy",
      "name": "data-policy",
      "provider": "module.environment.provider[\"registry.terraform.io/hashicorp/aws\"]",
      "instances": [
        {
          "schema_version": 0,
          "attributes": {
            "bucket": "finspace-data-bucket-virginia",
            "id": "finspace-data-bucket-virginia",
            "policy": "{\"Statement\":[{\"Action\":[\"s3:GetObjectTagging\",\"s3:GetObject\"],\"Condition\":{\"StringEquals\":{\"aws:SourceAccount\":\"766012286003\"}},\"Effect\":\"Allow\",\"Principal\":{\"Service\":\"finspace.amazonaws.com\"},\"Resource\":\"arn:aws:s3:::finspace-data-bucket-virginia/*\"},{\"Action\":\"s3:ListBucket\",\"Condition\":{\"StringEquals\":{\"aws:SourceAccount\":\"766012286003\"}},\"Effect\":\"Allow\",\"Principal\":{\"Service\":\"finspace.amazonaws.com\"},\"Resource\":\"arn:aws:s3:::finspace-data-bucket-virginia\"}],\"Version\":\"2012-10-17\"}"
          },
          "sensitive_attributes": [],
          "private": "bnVsbA==",
          "dependencies": [
            "module.environment.aws_s3_bucket.finspace-data-bucket",
            "module.environment.data.aws_caller_identity.current",
            "module.environment.data.aws_iam_policy_document.s3-data-policy"
          ]
        }
      ]
    },
    {
      "module": "module.environment",
      "mode": "managed",
      "type": "aws_s3_bucket_public_access_block",
      "name": "code_bucket",
      "provider": "module.environment.provider[\"registry.terraform.io/hashicorp/aws\"]",
      "instances": [
        {
          "schema_version": 0,
          "attributes": {
            "block_public_acls": true,
            "block_public_policy": true,
            "bucket": "finspace-code-bucket-virginia",
            "id": "finspace-code-bucket-virginia",
            "ignore_public_acls": true,
            "restrict_public_buckets": true
          },
          "sensitive_attributes": [],
          "private": "bnVsbA==",
          "dependencies": [
            "module.environment.aws_s3_bucket.finspace-code-bucket"
          ]
        }
      ]
    },
    {
      "module": "module.environment",
      "mode": "managed",
      "type": "aws_s3_bucket_public_access_block",
      "name": "data_bucket",
      "provider": "module.environment.provider[\"registry.terraform.io/hashicorp/aws\"]",
      "instances": [
        {
          "schema_version": 0,
          "attributes": {
            "block_public_acls": true,
            "block_public_policy": true,
            "bucket": "finspace-data-bucket-virginia",
            "id": "finspace-data-bucket-virginia",
            "ignore_public_acls": true,
            "restrict_public_buckets": true
          },
          "sensitive_attributes": [],
          "private": "bnVsbA==",
          "dependencies": [
            "module.environment.aws_s3_bucket.finspace-data-bucket"
          ]
        }
      ]
    },
    {
      "module": "module.environment",
      "mode": "managed",
      "type": "aws_s3_bucket_versioning",
      "name": "versioning",
      "provider": "module.environment.provider[\"registry.terraform.io/hashicorp/aws\"]",
      "instances": [
        {
          "schema_version": 0,
          "attributes": {
            "bucket": "finspace-code-bucket-virginia",
            "expected_bucket_owner": "",
            "id": "finspace-code-bucket-virginia",
            "mfa": null,
            "versioning_configuration": [
              {
                "mfa_delete": "",
                "status": "Enabled"
              }
            ]
          },
          "sensitive_attributes": [],
          "private": "bnVsbA==",
          "dependencies": [
            "module.environment.aws_s3_bucket.finspace-code-bucket"
          ]
        }
      ]
    },
    {
      "module": "module.environment",
      "mode": "managed",
      "type": "aws_s3_object",
      "name": "code",
      "provider": "module.environment.provider[\"registry.terraform.io/hashicorp/aws\"]",
      "instances": [
        {
          "schema_version": 0,
          "attributes": {
            "acl": null,
            "bucket": "finspace-code-bucket-virginia",
            "bucket_key_enabled": false,
            "cache_control": "",
            "checksum_algorithm": null,
            "checksum_crc32": "",
            "checksum_crc32c": "",
            "checksum_sha1": "",
            "checksum_sha256": "",
            "content": null,
            "content_base64": null,
            "content_disposition": "",
            "content_encoding": "",
            "content_language": "",
            "content_type": "binary/octet-stream",
            "etag": "46f3ab1687263b2567dcd8538e9e1b53-20",
            "force_destroy": false,
            "id": "f0eb1e27e3bd055b5312a26d63c4127b57088861.zip",
            "key": "f0eb1e27e3bd055b5312a26d63c4127b57088861.zip",
            "kms_key_id": null,
            "metadata": {},
            "object_lock_legal_hold_status": "",
            "object_lock_mode": "",
            "object_lock_retain_until_date": "",
            "server_side_encryption": "AES256",
            "source": "../zancodemydb-dep.zip",
            "source_hash": null,
            "storage_class": "STANDARD",
            "tags": {},
            "tags_all": {},
            "version_id": "zw7VgOR7hEw5v1V3Hk_DlrKtTiqn.f8c",
            "website_redirect": ""
          },
          "sensitive_attributes": [],
          "private": "bnVsbA==",
          "dependencies": [
            "module.environment.aws_s3_bucket.finspace-code-bucket"
          ]
        }
      ]
    },
    {
      "module": "module.environment",
      "mode": "managed",
      "type": "null_resource",
      "name": "create_changeset",
      "provider": "provider[\"registry.terraform.io/hashicorp/null\"]",
      "instances": [
        {
          "schema_version": 0,
          "attributes": {
            "id": "1002811286963811662",
            "triggers": null
          },
          "sensitive_attributes": [],
          "dependencies": [
            "module.environment.aws_ec2_transit_gateway.test",
            "module.environment.aws_finspace_kx_database.database",
            "module.environment.aws_finspace_kx_environment.environment",
            "module.environment.data.aws_kms_key.finspace-key"
          ]
        }
      ]
    },
    {
      "module": "module.environment",
      "mode": "managed",
      "type": "null_resource",
      "name": "upload_hdb",
      "provider": "provider[\"registry.terraform.io/hashicorp/null\"]",
      "instances": [
        {
          "schema_version": 0,
          "attributes": {
            "id": "4393686943169306107",
            "triggers": null
          },
          "sensitive_attributes": [],
          "dependencies": [
            "module.environment.aws_s3_bucket.finspace-data-bucket"
          ]
        }
      ]
    },
    {
      "module": "module.network",
      "mode": "data",
      "type": "aws_availability_zones",
      "name": "finspace-azs",
      "provider": "module.network.provider[\"registry.terraform.io/hashicorp/aws\"]",
      "instances": [
        {
          "schema_version": 0,
          "attributes": {
            "all_availability_zones": null,
            "exclude_names": null,
            "exclude_zone_ids": null,
            "filter": null,
            "group_names": [
              "us-east-1"
            ],
            "id": "us-east-1",
            "names": [
              "us-east-1a",
              "us-east-1b",
              "us-east-1c",
              "us-east-1d",
              "us-east-1e",
              "us-east-1f"
            ],
            "state": null,
            "timeouts": null,
            "zone_ids": [
              "use1-az4",
              "use1-az6",
              "use1-az1",
              "use1-az2",
              "use1-az3",
              "use1-az5"
            ]
          },
          "sensitive_attributes": []
        }
      ]
    },
    {
      "module": "module.network",
      "mode": "managed",
      "type": "aws_internet_gateway",
      "name": "finspace-igw",
      "provider": "module.network.provider[\"registry.terraform.io/hashicorp/aws\"]",
      "instances": [
        {
          "schema_version": 0,
          "attributes": {
            "arn": "arn:aws:ec2:us-east-1:766012286003:internet-gateway/igw-019891f86036d280e",
            "id": "igw-019891f86036d280e",
            "owner_id": "766012286003",
            "tags": {},
            "tags_all": {},
            "timeouts": null,
            "vpc_id": "vpc-033bd47dd561cfde2"
          },
          "sensitive_attributes": [],
          "private": "eyJlMmJmYjczMC1lY2FhLTExZTYtOGY4OC0zNDM2M2JjN2M0YzAiOnsiY3JlYXRlIjoxMjAwMDAwMDAwMDAwLCJkZWxldGUiOjEyMDAwMDAwMDAwMDAsInVwZGF0ZSI6MTIwMDAwMDAwMDAwMH19",
          "dependencies": [
            "module.network.aws_vpc.finspace-vpc"
          ]
        }
      ]
    },
    {
      "module": "module.network",
      "mode": "managed",
      "type": "aws_route",
      "name": "finspace-route",
      "provider": "module.network.provider[\"registry.terraform.io/hashicorp/aws\"]",
      "instances": [
        {
          "schema_version": 0,
          "attributes": {
            "carrier_gateway_id": "",
            "core_network_arn": "",
            "destination_cidr_block": "0.0.0.0/0",
            "destination_ipv6_cidr_block": "",
            "destination_prefix_list_id": "",
            "egress_only_gateway_id": "",
            "gateway_id": "igw-019891f86036d280e",
            "id": "r-rtb-02d3076b2cd0258b11080289494",
            "instance_id": "",
            "instance_owner_id": "",
            "local_gateway_id": "",
            "nat_gateway_id": "",
            "network_interface_id": "",
            "origin": "CreateRoute",
            "route_table_id": "rtb-02d3076b2cd0258b1",
            "state": "active",
            "timeouts": null,
            "transit_gateway_id": "",
            "vpc_endpoint_id": "",
            "vpc_peering_connection_id": ""
          },
          "sensitive_attributes": [],
          "private": "eyJlMmJmYjczMC1lY2FhLTExZTYtOGY4OC0zNDM2M2JjN2M0YzAiOnsiY3JlYXRlIjozMDAwMDAwMDAwMDAsImRlbGV0ZSI6MzAwMDAwMDAwMDAwLCJ1cGRhdGUiOjEyMDAwMDAwMDAwMH19",
          "dependencies": [
            "module.network.aws_internet_gateway.finspace-igw",
            "module.network.aws_route_table.finspace-route-table",
            "module.network.aws_vpc.finspace-vpc"
          ]
        }
      ]
    },
    {
      "module": "module.network",
      "mode": "managed",
      "type": "aws_route_table",
      "name": "finspace-route-table",
      "provider": "module.network.provider[\"registry.terraform.io/hashicorp/aws\"]",
      "instances": [
        {
          "schema_version": 0,
          "attributes": {
            "arn": "arn:aws:ec2:us-east-1:766012286003:route-table/rtb-02d3076b2cd0258b1",
            "id": "rtb-02d3076b2cd0258b1",
            "owner_id": "766012286003",
            "propagating_vgws": [],
            "route": [
              {
                "carrier_gateway_id": "",
                "cidr_block": "0.0.0.0/0",
                "core_network_arn": "",
                "destination_prefix_list_id": "",
                "egress_only_gateway_id": "",
                "gateway_id": "igw-019891f86036d280e",
                "ipv6_cidr_block": "",
                "local_gateway_id": "",
                "nat_gateway_id": "",
                "network_interface_id": "",
                "transit_gateway_id": "",
                "vpc_endpoint_id": "",
                "vpc_peering_connection_id": ""
              }
            ],
            "tags": {},
            "tags_all": {},
            "timeouts": null,
            "vpc_id": "vpc-033bd47dd561cfde2"
          },
          "sensitive_attributes": [],
          "private": "eyJlMmJmYjczMC1lY2FhLTExZTYtOGY4OC0zNDM2M2JjN2M0YzAiOnsiY3JlYXRlIjozMDAwMDAwMDAwMDAsImRlbGV0ZSI6MzAwMDAwMDAwMDAwLCJ1cGRhdGUiOjEyMDAwMDAwMDAwMH19",
          "dependencies": [
            "module.network.aws_vpc.finspace-vpc"
          ]
        }
      ]
    },
    {
      "module": "module.network",
      "mode": "managed",
      "type": "aws_security_group",
      "name": "finspace-security-group",
      "provider": "module.network.provider[\"registry.terraform.io/hashicorp/aws\"]",
      "instances": [
        {
          "schema_version": 1,
          "attributes": {
            "arn": "arn:aws:ec2:us-east-1:766012286003:security-group/sg-058ecd857cf2726b7",
            "description": "Managed by Terraform",
            "egress": [
              {
                "cidr_blocks": [
                  "0.0.0.0/0"
                ],
                "description": "",
                "from_port": 0,
                "ipv6_cidr_blocks": [],
                "prefix_list_ids": [],
                "protocol": "tcp",
                "security_groups": [],
                "self": false,
                "to_port": 65535
              }
            ],
            "id": "sg-058ecd857cf2726b7",
            "ingress": [
              {
                "cidr_blocks": [
                  "0.0.0.0/0"
                ],
                "description": "",
                "from_port": 0,
                "ipv6_cidr_blocks": [],
                "prefix_list_ids": [],
                "protocol": "tcp",
                "security_groups": [],
                "self": false,
                "to_port": 65535
              }
            ],
            "name": "finspace-security-group",
            "name_prefix": "",
            "owner_id": "766012286003",
            "revoke_rules_on_delete": false,
            "tags": {},
            "tags_all": {},
            "timeouts": null,
            "vpc_id": "vpc-033bd47dd561cfde2"
          },
          "sensitive_attributes": [],
          "private": "eyJlMmJmYjczMC1lY2FhLTExZTYtOGY4OC0zNDM2M2JjN2M0YzAiOnsiY3JlYXRlIjo2MDAwMDAwMDAwMDAsImRlbGV0ZSI6OTAwMDAwMDAwMDAwfSwic2NoZW1hX3ZlcnNpb24iOiIxIn0=",
          "dependencies": [
            "module.network.aws_vpc.finspace-vpc"
          ]
        }
      ]
    },
    {
      "module": "module.network",
      "mode": "managed",
      "type": "aws_subnet",
      "name": "finspace-subnets",
      "provider": "module.network.provider[\"registry.terraform.io/hashicorp/aws\"]",
      "instances": [
        {
          "index_key": 0,
          "schema_version": 1,
          "attributes": {
            "arn": "arn:aws:ec2:us-east-1:766012286003:subnet/subnet-0753dc2e211a20782",
            "assign_ipv6_address_on_creation": false,
            "availability_zone": "us-east-1a",
            "availability_zone_id": "use1-az4",
            "cidr_block": "10.0.0.0/24",
            "customer_owned_ipv4_pool": "",
            "enable_dns64": false,
            "enable_lni_at_device_index": 0,
            "enable_resource_name_dns_a_record_on_launch": false,
            "enable_resource_name_dns_aaaa_record_on_launch": false,
            "id": "subnet-0753dc2e211a20782",
            "ipv6_cidr_block": "",
            "ipv6_cidr_block_association_id": "",
            "ipv6_native": false,
            "map_customer_owned_ip_on_launch": false,
            "map_public_ip_on_launch": false,
            "outpost_arn": "",
            "owner_id": "766012286003",
            "private_dns_hostname_type_on_launch": "ip-name",
            "tags": {
              "Name": "Subnet-1"
            },
            "tags_all": {
              "Name": "Subnet-1"
            },
            "timeouts": null,
            "vpc_id": "vpc-033bd47dd561cfde2"
          },
          "sensitive_attributes": [],
          "private": "eyJlMmJmYjczMC1lY2FhLTExZTYtOGY4OC0zNDM2M2JjN2M0YzAiOnsiY3JlYXRlIjo2MDAwMDAwMDAwMDAsImRlbGV0ZSI6MTIwMDAwMDAwMDAwMH0sInNjaGVtYV92ZXJzaW9uIjoiMSJ9",
          "dependencies": [
            "module.network.aws_vpc.finspace-vpc",
            "module.network.data.aws_availability_zones.finspace-azs"
          ]
        },
        {
          "index_key": 1,
          "schema_version": 1,
          "attributes": {
            "arn": "arn:aws:ec2:us-east-1:766012286003:subnet/subnet-0135400effb0bcb8d",
            "assign_ipv6_address_on_creation": false,
            "availability_zone": "us-east-1b",
            "availability_zone_id": "use1-az6",
            "cidr_block": "10.0.1.0/24",
            "customer_owned_ipv4_pool": "",
            "enable_dns64": false,
            "enable_lni_at_device_index": 0,
            "enable_resource_name_dns_a_record_on_launch": false,
            "enable_resource_name_dns_aaaa_record_on_launch": false,
            "id": "subnet-0135400effb0bcb8d",
            "ipv6_cidr_block": "",
            "ipv6_cidr_block_association_id": "",
            "ipv6_native": false,
            "map_customer_owned_ip_on_launch": false,
            "map_public_ip_on_launch": false,
            "outpost_arn": "",
            "owner_id": "766012286003",
            "private_dns_hostname_type_on_launch": "ip-name",
            "tags": {
              "Name": "Subnet-2"
            },
            "tags_all": {
              "Name": "Subnet-2"
            },
            "timeouts": null,
            "vpc_id": "vpc-033bd47dd561cfde2"
          },
          "sensitive_attributes": [],
          "private": "eyJlMmJmYjczMC1lY2FhLTExZTYtOGY4OC0zNDM2M2JjN2M0YzAiOnsiY3JlYXRlIjo2MDAwMDAwMDAwMDAsImRlbGV0ZSI6MTIwMDAwMDAwMDAwMH0sInNjaGVtYV92ZXJzaW9uIjoiMSJ9",
          "dependencies": [
            "module.network.aws_vpc.finspace-vpc",
            "module.network.data.aws_availability_zones.finspace-azs"
          ]
        },
        {
          "index_key": 2,
          "schema_version": 1,
          "attributes": {
            "arn": "arn:aws:ec2:us-east-1:766012286003:subnet/subnet-0d6d937260b8b92ab",
            "assign_ipv6_address_on_creation": false,
            "availability_zone": "us-east-1c",
            "availability_zone_id": "use1-az1",
            "cidr_block": "10.0.2.0/24",
            "customer_owned_ipv4_pool": "",
            "enable_dns64": false,
            "enable_lni_at_device_index": 0,
            "enable_resource_name_dns_a_record_on_launch": false,
            "enable_resource_name_dns_aaaa_record_on_launch": false,
            "id": "subnet-0d6d937260b8b92ab",
            "ipv6_cidr_block": "",
            "ipv6_cidr_block_association_id": "",
            "ipv6_native": false,
            "map_customer_owned_ip_on_launch": false,
            "map_public_ip_on_launch": false,
            "outpost_arn": "",
            "owner_id": "766012286003",
            "private_dns_hostname_type_on_launch": "ip-name",
            "tags": {
              "Name": "Subnet-3"
            },
            "tags_all": {
              "Name": "Subnet-3"
            },
            "timeouts": null,
            "vpc_id": "vpc-033bd47dd561cfde2"
          },
          "sensitive_attributes": [],
          "private": "eyJlMmJmYjczMC1lY2FhLTExZTYtOGY4OC0zNDM2M2JjN2M0YzAiOnsiY3JlYXRlIjo2MDAwMDAwMDAwMDAsImRlbGV0ZSI6MTIwMDAwMDAwMDAwMH0sInNjaGVtYV92ZXJzaW9uIjoiMSJ9",
          "dependencies": [
            "module.network.aws_vpc.finspace-vpc",
            "module.network.data.aws_availability_zones.finspace-azs"
          ]
        },
        {
          "index_key": 3,
          "schema_version": 1,
          "attributes": {
            "arn": "arn:aws:ec2:us-east-1:766012286003:subnet/subnet-0d63a91916debe93f",
            "assign_ipv6_address_on_creation": false,
            "availability_zone": "us-east-1d",
            "availability_zone_id": "use1-az2",
            "cidr_block": "10.0.3.0/24",
            "customer_owned_ipv4_pool": "",
            "enable_dns64": false,
            "enable_lni_at_device_index": 0,
            "enable_resource_name_dns_a_record_on_launch": false,
            "enable_resource_name_dns_aaaa_record_on_launch": false,
            "id": "subnet-0d63a91916debe93f",
            "ipv6_cidr_block": "",
            "ipv6_cidr_block_association_id": "",
            "ipv6_native": false,
            "map_customer_owned_ip_on_launch": false,
            "map_public_ip_on_launch": false,
            "outpost_arn": "",
            "owner_id": "766012286003",
            "private_dns_hostname_type_on_launch": "ip-name",
            "tags": {
              "Name": "Subnet-4"
            },
            "tags_all": {
              "Name": "Subnet-4"
            },
            "timeouts": null,
            "vpc_id": "vpc-033bd47dd561cfde2"
          },
          "sensitive_attributes": [],
          "private": "eyJlMmJmYjczMC1lY2FhLTExZTYtOGY4OC0zNDM2M2JjN2M0YzAiOnsiY3JlYXRlIjo2MDAwMDAwMDAwMDAsImRlbGV0ZSI6MTIwMDAwMDAwMDAwMH0sInNjaGVtYV92ZXJzaW9uIjoiMSJ9",
          "dependencies": [
            "module.network.aws_vpc.finspace-vpc",
            "module.network.data.aws_availability_zones.finspace-azs"
          ]
        },
        {
          "index_key": 4,
          "schema_version": 1,
          "attributes": {
            "arn": "arn:aws:ec2:us-east-1:766012286003:subnet/subnet-09d52a62fbf430570",
            "assign_ipv6_address_on_creation": false,
            "availability_zone": "us-east-1e",
            "availability_zone_id": "use1-az3",
            "cidr_block": "10.0.4.0/24",
            "customer_owned_ipv4_pool": "",
            "enable_dns64": false,
            "enable_lni_at_device_index": 0,
            "enable_resource_name_dns_a_record_on_launch": false,
            "enable_resource_name_dns_aaaa_record_on_launch": false,
            "id": "subnet-09d52a62fbf430570",
            "ipv6_cidr_block": "",
            "ipv6_cidr_block_association_id": "",
            "ipv6_native": false,
            "map_customer_owned_ip_on_launch": false,
            "map_public_ip_on_launch": false,
            "outpost_arn": "",
            "owner_id": "766012286003",
            "private_dns_hostname_type_on_launch": "ip-name",
            "tags": {
              "Name": "Subnet-5"
            },
            "tags_all": {
              "Name": "Subnet-5"
            },
            "timeouts": null,
            "vpc_id": "vpc-033bd47dd561cfde2"
          },
          "sensitive_attributes": [],
          "private": "eyJlMmJmYjczMC1lY2FhLTExZTYtOGY4OC0zNDM2M2JjN2M0YzAiOnsiY3JlYXRlIjo2MDAwMDAwMDAwMDAsImRlbGV0ZSI6MTIwMDAwMDAwMDAwMH0sInNjaGVtYV92ZXJzaW9uIjoiMSJ9",
          "dependencies": [
            "module.network.aws_vpc.finspace-vpc",
            "module.network.data.aws_availability_zones.finspace-azs"
          ]
        },
        {
          "index_key": 5,
          "schema_version": 1,
          "attributes": {
            "arn": "arn:aws:ec2:us-east-1:766012286003:subnet/subnet-028d65dd7186aadf4",
            "assign_ipv6_address_on_creation": false,
            "availability_zone": "us-east-1f",
            "availability_zone_id": "use1-az5",
            "cidr_block": "10.0.5.0/24",
            "customer_owned_ipv4_pool": "",
            "enable_dns64": false,
            "enable_lni_at_device_index": 0,
            "enable_resource_name_dns_a_record_on_launch": false,
            "enable_resource_name_dns_aaaa_record_on_launch": false,
            "id": "subnet-028d65dd7186aadf4",
            "ipv6_cidr_block": "",
            "ipv6_cidr_block_association_id": "",
            "ipv6_native": false,
            "map_customer_owned_ip_on_launch": false,
            "map_public_ip_on_launch": false,
            "outpost_arn": "",
            "owner_id": "766012286003",
            "private_dns_hostname_type_on_launch": "ip-name",
            "tags": {
              "Name": "Subnet-6"
            },
            "tags_all": {
              "Name": "Subnet-6"
            },
            "timeouts": null,
            "vpc_id": "vpc-033bd47dd561cfde2"
          },
          "sensitive_attributes": [],
          "private": "eyJlMmJmYjczMC1lY2FhLTExZTYtOGY4OC0zNDM2M2JjN2M0YzAiOnsiY3JlYXRlIjo2MDAwMDAwMDAwMDAsImRlbGV0ZSI6MTIwMDAwMDAwMDAwMH0sInNjaGVtYV92ZXJzaW9uIjoiMSJ9",
          "dependencies": [
            "module.network.aws_vpc.finspace-vpc",
            "module.network.data.aws_availability_zones.finspace-azs"
          ]
        }
      ]
    },
    {
      "module": "module.network",
      "mode": "managed",
      "type": "aws_vpc",
      "name": "finspace-vpc",
      "provider": "module.network.provider[\"registry.terraform.io/hashicorp/aws\"]",
      "instances": [
        {
          "schema_version": 1,
          "attributes": {
            "arn": "arn:aws:ec2:us-east-1:766012286003:vpc/vpc-033bd47dd561cfde2",
            "assign_generated_ipv6_cidr_block": false,
            "cidr_block": "10.0.0.0/16",
            "default_network_acl_id": "acl-057a1ef7b341ff686",
            "default_route_table_id": "rtb-016d429314891a319",
            "default_security_group_id": "sg-01fbeaf14468ee2f4",
            "dhcp_options_id": "dopt-09887b62922a210e6",
            "enable_dns_hostnames": true,
            "enable_dns_support": true,
            "enable_network_address_usage_metrics": false,
            "id": "vpc-033bd47dd561cfde2",
            "instance_tenancy": "default",
            "ipv4_ipam_pool_id": null,
            "ipv4_netmask_length": null,
            "ipv6_association_id": "",
            "ipv6_cidr_block": "",
            "ipv6_cidr_block_network_border_group": "",
            "ipv6_ipam_pool_id": "",
            "ipv6_netmask_length": 0,
            "main_route_table_id": "rtb-016d429314891a319",
            "owner_id": "766012286003",
            "tags": {
              "Name": "finspace-vpc"
            },
            "tags_all": {
              "Name": "finspace-vpc"
            }
          },
          "sensitive_attributes": [],
          "private": "eyJzY2hlbWFfdmVyc2lvbiI6IjEifQ=="
        }
      ]
    }
  ],
  "check_results": null
}
